apiVersion: vendir.k14s.io/v1alpha1
directories:
- contents:
  - http: {}
    path: terraform
  - githubRelease:
      url: https://api.github.com/repos/kubernetes/kubernetes/releases/64881287
    path: kubectl
  - githubRelease:
      url: https://api.github.com/repos/helm/helm/releases/64389582
    path: helm
  path: vendor
kind: LockConfig
